
Microsoft Visual Studio Solution File, Format Version 12.00
# Visual Studio Version 17
VisualStudioVersion = 17.8.34525.116
MinimumVisualStudioVersion = 10.0.40219.1
Project("{9A19103F-16F7-4668-BE54-9A1E7A4F7556}") = "Builder", "Builder\Builder.csproj", "{2EF55020-0AB7-4F72-9002-B03E8E8C9F2D}"
EndProject
Project("{9A19103F-16F7-4668-BE54-9A1E7A4F7556}") = "Interpreter", "Interpreter\Interpreter.csproj", "{192729EC-91A8-4742-84E9-D0B4F17FF158}"
EndProject
Project("{9A19103F-16F7-4668-BE54-9A1E7A4F7556}") = "Asynchronous method invocation", "Asynchronous method invocation\Asynchronous method invocation.csproj", "{A3E9D465-1AA1-41D6-8559-FF339C503D2C}"
EndProject
Project("{9A19103F-16F7-4668-BE54-9A1E7A4F7556}") = "Front", "Front\Front.csproj", "{69B2BE84-D9D7-46D0-9A12-FC5BC25CE3D2}"
EndProject
Global
	GlobalSection(SolutionConfigurationPlatforms) = preSolution
		Debug|Any CPU = Debug|Any CPU
		Release|Any CPU = Release|Any CPU
	EndGlobalSection
	GlobalSection(ProjectConfigurationPlatforms) = postSolution
		{2EF55020-0AB7-4F72-9002-B03E8E8C9F2D}.Debug|Any CPU.ActiveCfg = Debug|Any CPU
		{2EF55020-0AB7-4F72-9002-B03E8E8C9F2D}.Debug|Any CPU.Build.0 = Debug|Any CPU
		{2EF55020-0AB7-4F72-9002-B03E8E8C9F2D}.Release|Any CPU.ActiveCfg = Release|Any CPU
		{2EF55020-0AB7-4F72-9002-B03E8E8C9F2D}.Release|Any CPU.Build.0 = Release|Any CPU
		{192729EC-91A8-4742-84E9-D0B4F17FF158}.Debug|Any CPU.ActiveCfg = Debug|Any CPU
		{192729EC-91A8-4742-84E9-D0B4F17FF158}.Debug|Any CPU.Build.0 = Debug|Any CPU
		{192729EC-91A8-4742-84E9-D0B4F17FF158}.Release|Any CPU.ActiveCfg = Release|Any CPU
		{192729EC-91A8-4742-84E9-D0B4F17FF158}.Release|Any CPU.Build.0 = Release|Any CPU
		{A3E9D465-1AA1-41D6-8559-FF339C503D2C}.Debug|Any CPU.ActiveCfg = Debug|Any CPU
		{A3E9D465-1AA1-41D6-8559-FF339C503D2C}.Debug|Any CPU.Build.0 = Debug|Any CPU
		{A3E9D465-1AA1-41D6-8559-FF339C503D2C}.Release|Any CPU.ActiveCfg = Release|Any CPU
		{A3E9D465-1AA1-41D6-8559-FF339C503D2C}.Release|Any CPU.Build.0 = Release|Any CPU
		{69B2BE84-D9D7-46D0-9A12-FC5BC25CE3D2}.Debug|Any CPU.ActiveCfg = Debug|Any CPU
		{69B2BE84-D9D7-46D0-9A12-FC5BC25CE3D2}.Debug|Any CPU.Build.0 = Debug|Any CPU
		{69B2BE84-D9D7-46D0-9A12-FC5BC25CE3D2}.Release|Any CPU.ActiveCfg = Release|Any CPU
		{69B2BE84-D9D7-46D0-9A12-FC5BC25CE3D2}.Release|Any CPU.Build.0 = Release|Any CPU
	EndGlobalSection
	GlobalSection(SolutionProperties) = preSolution
		HideSolutionNode = FALSE
	EndGlobalSection
	GlobalSection(ExtensibilityGlobals) = postSolution
		SolutionGuid = {E38E5061-F185-4FE6-965F-1BABF8B7AE68}
	EndGlobalSection
EndGlobal
